// !$*UTF8*$!
{
	archiveVersion = 1;
	classes = {
	};
	objectVersion = 56;
	objects = {

/* Begin PBXBuildFile section */
		091EB2E42BBE47D400D8D67D /* AllProductsView.swift in Sources */ = {isa = PBXBuildFile; fileRef = 091EB2E32BBE47D400D8D67D /* AllProductsView.swift */; };
		091EB2E62BBE51D900D8D67D /* Product.swift in Sources */ = {isa = PBXBuildFile; fileRef = 091EB2E52BBE51D900D8D67D /* Product.swift */; };
		0967589E2BBB827900BFB66C /* Category.swift in Sources */ = {isa = PBXBuildFile; fileRef = 0967589D2BBB827900BFB66C /* Category.swift */; };
		096758A02BBB833A00BFB66C /* ECommerceViewModel.swift in Sources */ = {isa = PBXBuildFile; fileRef = 0967589F2BBB833A00BFB66C /* ECommerceViewModel.swift */; };
		096954CE2BC176A700BB5CC3 /* DetailProductView.swift in Sources */ = {isa = PBXBuildFile; fileRef = 096954CD2BC176A700BB5CC3 /* DetailProductView.swift */; };
		0981D2CB2BBA2EA8000224AF /* CategoryView.swift in Sources */ = {isa = PBXBuildFile; fileRef = 0981D2CA2BBA2EA8000224AF /* CategoryView.swift */; };
		09986DC42BCF40C40002C9B5 /* ECommerceUI.png in Resources */ = {isa = PBXBuildFile; fileRef = 09986DC32BCF40C40002C9B5 /* ECommerceUI.png */; };
		09A6E51C2BB7814000478226 /* MainView.swift in Sources */ = {isa = PBXBuildFile; fileRef = 09A6E51B2BB7814000478226 /* MainView.swift */; };
		09A6E51E2BB7C0D600478226 /* HomeView.swift in Sources */ = {isa = PBXBuildFile; fileRef = 09A6E51D2BB7C0D600478226 /* HomeView.swift */; };
		09A6E5202BB7CE1500478226 /* CardCollectionView.swift in Sources */ = {isa = PBXBuildFile; fileRef = 09A6E51F2BB7CE1500478226 /* CardCollectionView.swift */; };
		09E350CF2BB6244700FA69CD /* E_CommerceAppApp.swift in Sources */ = {isa = PBXBuildFile; fileRef = 09E350CE2BB6244700FA69CD /* E_CommerceAppApp.swift */; };
		09E350D32BB6244900FA69CD /* Assets.xcassets in Resources */ = {isa = PBXBuildFile; fileRef = 09E350D22BB6244900FA69CD /* Assets.xcassets */; };
		09E350D62BB6244900FA69CD /* Preview Assets.xcassets in Resources */ = {isa = PBXBuildFile; fileRef = 09E350D52BB6244900FA69CD /* Preview Assets.xcassets */; };
		09E350DD2BB624C100FA69CD /* LandingView.swift in Sources */ = {isa = PBXBuildFile; fileRef = 09E350DC2BB624C000FA69CD /* LandingView.swift */; };
/* End PBXBuildFile section */

/* Begin PBXFileReference section */
		091EB2E32BBE47D400D8D67D /* AllProductsView.swift */ = {isa = PBXFileReference; lastKnownFileType = sourcecode.swift; path = AllProductsView.swift; sourceTree = "<group>"; };
		091EB2E52BBE51D900D8D67D /* Product.swift */ = {isa = PBXFileReference; lastKnownFileType = sourcecode.swift; path = Product.swift; sourceTree = "<group>"; };
		0967589D2BBB827900BFB66C /* Category.swift */ = {isa = PBXFileReference; lastKnownFileType = sourcecode.swift; path = Category.swift; sourceTree = "<group>"; };
		0967589F2BBB833A00BFB66C /* ECommerceViewModel.swift */ = {isa = PBXFileReference; lastKnownFileType = sourcecode.swift; path = ECommerceViewModel.swift; sourceTree = "<group>"; };
		096954CD2BC176A700BB5CC3 /* DetailProductView.swift */ = {isa = PBXFileReference; lastKnownFileType = sourcecode.swift; path = DetailProductView.swift; sourceTree = "<group>"; };
		0981D2CA2BBA2EA8000224AF /* CategoryView.swift */ = {isa = PBXFileReference; lastKnownFileType = sourcecode.swift; path = CategoryView.swift; sourceTree = "<group>"; };
		09986DC32BCF40C40002C9B5 /* ECommerceUI.png */ = {isa = PBXFileReference; lastKnownFileType = image.png; path = ECommerceUI.png; sourceTree = "<group>"; };
		09A6E51B2BB7814000478226 /* MainView.swift */ = {isa = PBXFileReference; lastKnownFileType = sourcecode.swift; path = MainView.swift; sourceTree = "<group>"; };
		09A6E51D2BB7C0D600478226 /* HomeView.swift */ = {isa = PBXFileReference; lastKnownFileType = sourcecode.swift; path = HomeView.swift; sourceTree = "<group>"; };
		09A6E51F2BB7CE1500478226 /* CardCollectionView.swift */ = {isa = PBXFileReference; lastKnownFileType = sourcecode.swift; path = CardCollectionView.swift; sourceTree = "<group>"; };
		09DC8DB72BBCF7B300D58E40 /* Info.plist */ = {isa = PBXFileReference; lastKnownFileType = text.plist; path = Info.plist; sourceTree = "<group>"; };
		09E350CB2BB6244700FA69CD /* E-CommerceApp.app */ = {isa = PBXFileReference; explicitFileType = wrapper.application; includeInIndex = 0; path = "E-CommerceApp.app"; sourceTree = BUILT_PRODUCTS_DIR; };
		09E350CE2BB6244700FA69CD /* E_CommerceAppApp.swift */ = {isa = PBXFileReference; lastKnownFileType = sourcecode.swift; path = E_CommerceAppApp.swift; sourceTree = "<group>"; };
		09E350D22BB6244900FA69CD /* Assets.xcassets */ = {isa = PBXFileReference; lastKnownFileType = folder.assetcatalog; path = Assets.xcassets; sourceTree = "<group>"; };
		09E350D52BB6244900FA69CD /* Preview Assets.xcassets */ = {isa = PBXFileReference; lastKnownFileType = folder.assetcatalog; path = "Preview Assets.xcassets"; sourceTree = "<group>"; };
		09E350DC2BB624C000FA69CD /* LandingView.swift */ = {isa = PBXFileReference; lastKnownFileType = sourcecode.swift; path = LandingView.swift; sourceTree = "<group>"; };
/* End PBXFileReference section */

/* Begin PBXFrameworksBuildPhase section */
		09E350C82BB6244700FA69CD /* Frameworks */ = {
			isa = PBXFrameworksBuildPhase;
			buildActionMask = 2147483647;
			files = (
			);
			runOnlyForDeploymentPostprocessing = 0;
		};
/* End PBXFrameworksBuildPhase section */

/* Begin PBXGroup section */
		0967589A2BBB81FF00BFB66C /* Model */ = {
			isa = PBXGroup;
			children = (
				0967589D2BBB827900BFB66C /* Category.swift */,
				091EB2E52BBE51D900D8D67D /* Product.swift */,
			);
			path = Model;
			sourceTree = "<group>";
		};
		096954CC2BC1762900BB5CC3 /* ViewModel */ = {
			isa = PBXGroup;
			children = (
				0967589F2BBB833A00BFB66C /* ECommerceViewModel.swift */,
			);
			path = ViewModel;
			sourceTree = "<group>";
		};
		09986DC22BCF40AB0002C9B5 /* MOCK_UI */ = {
			isa = PBXGroup;
			children = (
				09986DC32BCF40C40002C9B5 /* ECommerceUI.png */,
			);
			path = MOCK_UI;
			sourceTree = "<group>";
		};
		09E350C22BB6244700FA69CD = {
			isa = PBXGroup;
			children = (
				09E350CD2BB6244700FA69CD /* E-CommerceApp */,
				09E350CC2BB6244700FA69CD /* Products */,
			);
			sourceTree = "<group>";
		};
		09E350CC2BB6244700FA69CD /* Products */ = {
			isa = PBXGroup;
			children = (
				09E350CB2BB6244700FA69CD /* E-CommerceApp.app */,
			);
			name = Products;
			sourceTree = "<group>";
		};
		09E350CD2BB6244700FA69CD /* E-CommerceApp */ = {
			isa = PBXGroup;
			children = (
				09986DC22BCF40AB0002C9B5 /* MOCK_UI */,
				09DC8DB72BBCF7B300D58E40 /* Info.plist */,
				09E350CE2BB6244700FA69CD /* E_CommerceAppApp.swift */,
				096954CC2BC1762900BB5CC3 /* ViewModel */,
				0967589A2BBB81FF00BFB66C /* Model */,
				09E350DE2BB624C900FA69CD /* Views */,
				09E350D22BB6244900FA69CD /* Assets.xcassets */,
				09E350D42BB6244900FA69CD /* Preview Content */,
			);
			path = "E-CommerceApp";
			sourceTree = "<group>";
		};
		09E350D42BB6244900FA69CD /* Preview Content */ = {
			isa = PBXGroup;
			children = (
				09E350D52BB6244900FA69CD /* Preview Assets.xcassets */,
			);
			path = "Preview Content";
			sourceTree = "<group>";
		};
		09E350DE2BB624C900FA69CD /* Views */ = {
			isa = PBXGroup;
			children = (
				09E350DC2BB624C000FA69CD /* LandingView.swift */,
				09A6E51B2BB7814000478226 /* MainView.swift */,
				09A6E51D2BB7C0D600478226 /* HomeView.swift */,
				09A6E51F2BB7CE1500478226 /* CardCollectionView.swift */,
				0981D2CA2BBA2EA8000224AF /* CategoryView.swift */,
				091EB2E32BBE47D400D8D67D /* AllProductsView.swift */,
				096954CD2BC176A700BB5CC3 /* DetailProductView.swift */,
			);
			path = Views;
			sourceTree = "<group>";
		};
/* End PBXGroup section */

/* Begin PBXNativeTarget section */
		09E350CA2BB6244700FA69CD /* E-CommerceApp */ = {
			isa = PBXNativeTarget;
			buildConfigurationList = 09E350D92BB6244900FA69CD /* Build configuration list for PBXNativeTarget "E-CommerceApp" */;
			buildPhases = (
				09E350C72BB6244700FA69CD /* Sources */,
				09E350C82BB6244700FA69CD /* Frameworks */,
				09E350C92BB6244700FA69CD /* Resources */,
			);
			buildRules = (
			);
			dependencies = (
			);
			name = "E-CommerceApp";
			productName = "E-CommerceApp";
			productReference = 09E350CB2BB6244700FA69CD /* E-CommerceApp.app */;
			productType = "com.apple.product-type.application";
		};
/* End PBXNativeTarget section */

/* Begin PBXProject section */
		09E350C32BB6244700FA69CD /* Project object */ = {
			isa = PBXProject;
			attributes = {
				BuildIndependentTargetsInParallel = 1;
				LastSwiftUpdateCheck = 1530;
				LastUpgradeCheck = 1530;
				TargetAttributes = {
					09E350CA2BB6244700FA69CD = {
						CreatedOnToolsVersion = 15.3;
					};
				};
			};
			buildConfigurationList = 09E350C62BB6244700FA69CD /* Build configuration list for PBXProject "E-CommerceApp" */;
			compatibilityVersion = "Xcode 14.0";
			developmentRegion = en;
			hasScannedForEncodings = 0;
			knownRegions = (
				en,
				Base,
			);
			mainGroup = 09E350C22BB6244700FA69CD;
			productRefGroup = 09E350CC2BB6244700FA69CD /* Products */;
			projectDirPath = "";
			projectRoot = "";
			targets = (
				09E350CA2BB6244700FA69CD /* E-CommerceApp */,
			);
		};
/* End PBXProject section */

/* Begin PBXResourcesBuildPhase section */
		09E350C92BB6244700FA69CD /* Resources */ = {
			isa = PBXResourcesBuildPhase;
			buildActionMask = 2147483647;
			files = (
				09986DC42BCF40C40002C9B5 /* ECommerceUI.png in Resources */,
				09E350D62BB6244900FA69CD /* Preview Assets.xcassets in Resources */,
				09E350D32BB6244900FA69CD /* Assets.xcassets in Resources */,
			);
			runOnlyForDeploymentPostprocessing = 0;
		};
/* End PBXResourcesBuildPhase section */

/* Begin PBXSourcesBuildPhase section */
		09E350C72BB6244700FA69CD /* Sources */ = {
			isa = PBXSourcesBuildPhase;
			buildActionMask = 2147483647;
			files = (
				09E350DD2BB624C100FA69CD /* LandingView.swift in Sources */,
				09A6E5202BB7CE1500478226 /* CardCollectionView.swift in Sources */,
				0981D2CB2BBA2EA8000224AF /* CategoryView.swift in Sources */,
				09A6E51E2BB7C0D600478226 /* HomeView.swift in Sources */,
				09A6E51C2BB7814000478226 /* MainView.swift in Sources */,
				09E350CF2BB6244700FA69CD /* E_CommerceAppApp.swift in Sources */,
				096758A02BBB833A00BFB66C /* ECommerceViewModel.swift in Sources */,
				096954CE2BC176A700BB5CC3 /* DetailProductView.swift in Sources */,
				091EB2E62BBE51D900D8D67D /* Product.swift in Sources */,
				091EB2E42BBE47D400D8D67D /* AllProductsView.swift in Sources */,
				0967589E2BBB827900BFB66C /* Category.swift in Sources */,
			);
			runOnlyForDeploymentPostprocessing = 0;
		};
/* End PBXSourcesBuildPhase section */

/* Begin XCBuildConfiguration section */
		09E350D72BB6244900FA69CD /* Debug */ = {
			isa = XCBuildConfiguration;
			buildSettings = {
				ALWAYS_SEARCH_USER_PATHS = NO;
				ASSETCATALOG_COMPILER_GENERATE_SWIFT_ASSET_SYMBOL_EXTENSIONS = YES;
				CLANG_ANALYZER_NONNULL = YES;
				CLANG_ANALYZER_NUMBER_OBJECT_CONVERSION = YES_AGGRESSIVE;
				CLANG_CXX_LANGUAGE_STANDARD = "gnu++20";
				CLANG_ENABLE_MODULES = YES;
				CLANG_ENABLE_OBJC_ARC = YES;
				CLANG_ENABLE_OBJC_WEAK = YES;
				CLANG_WARN_BLOCK_CAPTURE_AUTORELEASING = YES;
				CLANG_WARN_BOOL_CONVERSION = YES;
				CLANG_WARN_COMMA = YES;
				CLANG_WARN_CONSTANT_CONVERSION = YES;
				CLANG_WARN_DEPRECATED_OBJC_IMPLEMENTATIONS = YES;
				CLANG_WARN_DIRECT_OBJC_ISA_USAGE = YES_ERROR;
				CLANG_WARN_DOCUMENTATION_COMMENTS = YES;
				CLANG_WARN_EMPTY_BODY = YES;
				CLANG_WARN_ENUM_CONVERSION = YES;
				CLANG_WARN_INFINITE_RECURSION = YES;
				CLANG_WARN_INT_CONVERSION = YES;
				CLANG_WARN_NON_LITERAL_NULL_CONVERSION = YES;
				CLANG_WARN_OBJC_IMPLICIT_RETAIN_SELF = YES;
				CLANG_WARN_OBJC_LITERAL_CONVERSION = YES;
				CLANG_WARN_OBJC_ROOT_CLASS = YES_ERROR;
				CLANG_WARN_QUOTED_INCLUDE_IN_FRAMEWORK_HEADER = YES;
				CLANG_WARN_RANGE_LOOP_ANALYSIS = YES;
				CLANG_WARN_STRICT_PROTOTYPES = YES;
				CLANG_WARN_SUSPICIOUS_MOVE = YES;
				CLANG_WARN_UNGUARDED_AVAILABILITY = YES_AGGRESSIVE;
				CLANG_WARN_UNREACHABLE_CODE = YES;
				CLANG_WARN__DUPLICATE_METHOD_MATCH = YES;
				COPY_PHASE_STRIP = NO;
				DEBUG_INFORMATION_FORMAT = dwarf;
				ENABLE_STRICT_OBJC_MSGSEND = YES;
				ENABLE_TESTABILITY = YES;
				ENABLE_USER_SCRIPT_SANDBOXING = YES;
				GCC_C_LANGUAGE_STANDARD = gnu17;
				GCC_DYNAMIC_NO_PIC = NO;
				GCC_NO_COMMON_BLOCKS = YES;
				GCC_OPTIMIZATION_LEVEL = 0;
				GCC_PREPROCESSOR_DEFINITIONS = (
					"DEBUG=1",
					"$(inherited)",
				);
				GCC_WARN_64_TO_32_BIT_CONVERSION = YES;
				GCC_WARN_ABOUT_RETURN_TYPE = YES_ERROR;
				GCC_WARN_UNDECLARED_SELECTOR = YES;
				GCC_WARN_UNINITIALIZED_AUTOS = YES_AGGRESSIVE;
				GCC_WARN_UNUSED_FUNCTION = YES;
				GCC_WARN_UNUSED_VARIABLE = YES;
				IPHONEOS_DEPLOYMENT_TARGET = 17.4;
				LOCALIZATION_PREFERS_STRING_CATALOGS = YES;
				MTL_ENABLE_DEBUG_INFO = INCLUDE_SOURCE;
				MTL_FAST_MATH = YES;
				ONLY_ACTIVE_ARCH = YES;
				SDKROOT = iphoneos;
				SWIFT_ACTIVE_COMPILATION_CONDITIONS = "DEBUG $(inherited)";
				SWIFT_OPTIMIZATION_LEVEL = "-Onone";
			};
			name = Debug;
		};
		09E350D82BB6244900FA69CD /* Release */ = {
			isa = XCBuildConfiguration;
			buildSettings = {
				ALWAYS_SEARCH_USER_PATHS = NO;
				ASSETCATALOG_COMPILER_GENERATE_SWIFT_ASSET_SYMBOL_EXTENSIONS = YES;
				CLANG_ANALYZER_NONNULL = YES;
				CLANG_ANALYZER_NUMBER_OBJECT_CONVERSION = YES_AGGRESSIVE;
				CLANG_CXX_LANGUAGE_STANDARD = "gnu++20";
				CLANG_ENABLE_MODULES = YES;
				CLANG_ENABLE_OBJC_ARC = YES;
				CLANG_ENABLE_OBJC_WEAK = YES;
				CLANG_WARN_BLOCK_CAPTURE_AUTORELEASING = YES;
				CLANG_WARN_BOOL_CONVERSION = YES;
				CLANG_WARN_COMMA = YES;
				CLANG_WARN_CONSTANT_CONVERSION = YES;
				CLANG_WARN_DEPRECATED_OBJC_IMPLEMENTATIONS = YES;
				CLANG_WARN_DIRECT_OBJC_ISA_USAGE = YES_ERROR;
				CLANG_WARN_DOCUMENTATION_COMMENTS = YES;
				CLANG_WARN_EMPTY_BODY = YES;
				CLANG_WARN_ENUM_CONVERSION = YES;
				CLANG_WARN_INFINITE_RECURSION = YES;
				CLANG_WARN_INT_CONVERSION = YES;
				CLANG_WARN_NON_LITERAL_NULL_CONVERSION = YES;
				CLANG_WARN_OBJC_IMPLICIT_RETAIN_SELF = YES;
				CLANG_WARN_OBJC_LITERAL_CONVERSION = YES;
				CLANG_WARN_OBJC_ROOT_CLASS = YES_ERROR;
				CLANG_WARN_QUOTED_INCLUDE_IN_FRAMEWORK_HEADER = YES;
				CLANG_WARN_RANGE_LOOP_ANALYSIS = YES;
				CLANG_WARN_STRICT_PROTOTYPES = YES;
				CLANG_WARN_SUSPICIOUS_MOVE = YES;
				CLANG_WARN_UNGUARDED_AVAILABILITY = YES_AGGRESSIVE;
				CLANG_WARN_UNREACHABLE_CODE = YES;
				CLANG_WARN__DUPLICATE_METHOD_MATCH = YES;
				COPY_PHASE_STRIP = NO;
				DEBUG_INFORMATION_FORMAT = "dwarf-with-dsym";
				ENABLE_NS_ASSERTIONS = NO;
				ENABLE_STRICT_OBJC_MSGSEND = YES;
				ENABLE_USER_SCRIPT_SANDBOXING = YES;
				GCC_C_LANGUAGE_STANDARD = gnu17;
				GCC_NO_COMMON_BLOCKS = YES;
				GCC_WARN_64_TO_32_BIT_CONVERSION = YES;
				GCC_WARN_ABOUT_RETURN_TYPE = YES_ERROR;
				GCC_WARN_UNDECLARED_SELECTOR = YES;
				GCC_WARN_UNINITIALIZED_AUTOS = YES_AGGRESSIVE;
				GCC_WARN_UNUSED_FUNCTION = YES;
				GCC_WARN_UNUSED_VARIABLE = YES;
				IPHONEOS_DEPLOYMENT_TARGET = 17.4;
				LOCALIZATION_PREFERS_STRING_CATALOGS = YES;
				MTL_ENABLE_DEBUG_INFO = NO;
				MTL_FAST_MATH = YES;
				SDKROOT = iphoneos;
				SWIFT_COMPILATION_MODE = wholemodule;
				VALIDATE_PRODUCT = YES;
			};
			name = Release;
		};
		09E350DA2BB6244900FA69CD /* Debug */ = {
			isa = XCBuildConfiguration;
			buildSettings = {
				ASSETCATALOG_COMPILER_APPICON_NAME = AppIcon;
				ASSETCATALOG_COMPILER_GLOBAL_ACCENT_COLOR_NAME = AccentColor;
				CODE_SIGN_STYLE = Automatic;
				CURRENT_PROJECT_VERSION = 1;
				DEVELOPMENT_ASSET_PATHS = "\"E-CommerceApp/Preview Content\"";
				DEVELOPMENT_TEAM = QWLH47G69C;
				ENABLE_PREVIEWS = YES;
				GENERATE_INFOPLIST_FILE = YES;
				INFOPLIST_FILE = "E-CommerceApp/Info.plist";
				INFOPLIST_KEY_UIApplicationSceneManifest_Generation = YES;
				INFOPLIST_KEY_UIApplicationSupportsIndirectInputEvents = YES;
				INFOPLIST_KEY_UILaunchScreen_Generation = YES;
				INFOPLIST_KEY_UISupportedInterfaceOrientations_iPad = "UIInterfaceOrientationPortrait UIInterfaceOrientationPortraitUpsideDown UIInterfaceOrientationLandscapeLeft UIInterfaceOrientationLandscapeRight";
				INFOPLIST_KEY_UISupportedInterfaceOrientations_iPhone = "UIInterfaceOrientationPortrait UIInterfaceOrientationLandscapeLeft UIInterfaceOrientationLandscapeRight";
				LD_RUNPATH_SEARCH_PATHS = (
					"$(inherited)",
					"@executable_path/Frameworks",
				);
				MARKETING_VERSION = 1.0;
				PRODUCT_BUNDLE_IDENTIFIER = "com.youssif.E-CommerceApp";
				PRODUCT_NAME = "$(TARGET_NAME)";
				SWIFT_EMIT_LOC_STRINGS = YES;
				SWIFT_VERSION = 5.0;
				TARGETED_DEVICE_FAMILY = "1,2";
			};
			name = Debug;
		};
		09E350DB2BB6244900FA69CD /* Release */ = {
			isa = XCBuildConfiguration;
			buildSettings = {
				ASSETCATALOG_COMPILER_APPICON_NAME = AppIcon;
				ASSETCATALOG_COMPILER_GLOBAL_ACCENT_COLOR_NAME = AccentColor;
				CODE_SIGN_STYLE = Automatic;
				CURRENT_PROJECT_VERSION = 1;
				DEVELOPMENT_ASSET_PATHS = "\"E-CommerceApp/Preview Content\"";
				DEVELOPMENT_TEAM = QWLH47G69C;
				ENABLE_PREVIEWS = YES;
				GENERATE_INFOPLIST_FILE = YES;
				INFOPLIST_FILE = "E-CommerceApp/Info.plist";
				INFOPLIST_KEY_UIApplicationSceneManifest_Generation = YES;
				INFOPLIST_KEY_UIApplicationSupportsIndirectInputEvents = YES;
				INFOPLIST_KEY_UILaunchScreen_Generation = YES;
				INFOPLIST_KEY_UISupportedInterfaceOrientations_iPad = "UIInterfaceOrientationPortrait UIInterfaceOrientationPortraitUpsideDown UIInterfaceOrientationLandscapeLeft UIInterfaceOrientationLandscapeRight";
				INFOPLIST_KEY_UISupportedInterfaceOrientations_iPhone = "UIInterfaceOrientationPortrait UIInterfaceOrientationLandscapeLeft UIInterfaceOrientationLandscapeRight";
				LD_RUNPATH_SEARCH_PATHS = (
					"$(inherited)",
					"@executable_path/Frameworks",
				);
				MARKETING_VERSION = 1.0;
				PRODUCT_BUNDLE_IDENTIFIER = "com.youssif.E-CommerceApp";
				PRODUCT_NAME = "$(TARGET_NAME)";
				SWIFT_EMIT_LOC_STRINGS = YES;
				SWIFT_VERSION = 5.0;
				TARGETED_DEVICE_FAMILY = "1,2";
			};
			name = Release;
		};
/* End XCBuildConfiguration section */

/* Begin XCConfigurationList section */
		09E350C62BB6244700FA69CD /* Build configuration list for PBXProject "E-CommerceApp" */ = {
			isa = XCConfigurationList;
			buildConfigurations = (
				09E350D72BB6244900FA69CD /* Debug */,
				09E350D82BB6244900FA69CD /* Release */,
			);
			defaultConfigurationIsVisible = 0;
			defaultConfigurationName = Release;
		};
		09E350D92BB6244900FA69CD /* Build configuration list for PBXNativeTarget "E-CommerceApp" */ = {
			isa = XCConfigurationList;
			buildConfigurations = (
				09E350DA2BB6244900FA69CD /* Debug */,
				09E350DB2BB6244900FA69CD /* Release */,
			);
			defaultConfigurationIsVisible = 0;
			defaultConfigurationName = Release;
		};
/* End XCConfigurationList section */
	};
	rootObject = 09E350C32BB6244700FA69CD /* Project object */;
}
